// !$*UTF8*$!
{
	archiveVersion = 1;
	classes = {
	};
	objectVersion = 46;
	objects = {

/* Begin PBXBuildFile section */
		D30D25B4147DE0C200B6380A /* main.c in Sources */ = {isa = PBXBuildFile; fileRef = D30D25B3147DE0C200B6380A /* main.c */; };
		D30D25B6147DE0C200B6380A /* SDtestC.1 in CopyFiles */ = {isa = PBXBuildFile; fileRef = D30D25B5147DE0C200B6380A /* SDtestC.1 */; };
		D3D17EDC14B1247B00CBE9BF /* dsp_settings.c in Sources */ = {isa = PBXBuildFile; fileRef = D3D17EDB14B1247B00CBE9BF /* dsp_settings.c */; };
		D3D8E63514A53BC80062EF2C /* ApiHandler.c in Sources */ = {isa = PBXBuildFile; fileRef = D3D8E63414A53BC80062EF2C /* ApiHandler.c */; };
		D3DFE98314A1650E00C2FDB5 /* APICommand.c in Sources */ = {isa = PBXBuildFile; fileRef = D3DFE97714A1650E00C2FDB5 /* APICommand.c */; };
		D3DFE98514A1650E00C2FDB5 /* channel.c in Sources */ = {isa = PBXBuildFile; fileRef = D3DFE97A14A1650E00C2FDB5 /* channel.c */; };
		D3DFE98614A1650E00C2FDB5 /* comp.c in Sources */ = {isa = PBXBuildFile; fileRef = D3DFE97D14A1650E00C2FDB5 /* comp.c */; };
		D3DFE98814A1650E00C2FDB5 /* eq.c in Sources */ = {isa = PBXBuildFile; fileRef = D3DFE98114A1650E00C2FDB5 /* eq.c */; };
/* End PBXBuildFile section */

/* Begin PBXCopyFilesBuildPhase section */
		D30D25AD147DE0C200B6380A /* CopyFiles */ = {
			isa = PBXCopyFilesBuildPhase;
			buildActionMask = 2147483647;
			dstPath = /usr/share/man/man1/;
			dstSubfolderSpec = 0;
			files = (
				D30D25B6147DE0C200B6380A /* SDtestC.1 in CopyFiles */,
			);
			runOnlyForDeploymentPostprocessing = 1;
		};
/* End PBXCopyFilesBuildPhase section */

/* Begin PBXFileReference section */
		D30D25AF147DE0C200B6380A /* SDtestC */ = {isa = PBXFileReference; explicitFileType = "compiled.mach-o.executable"; includeInIndex = 0; path = SDtestC; sourceTree = BUILT_PRODUCTS_DIR; };
		D30D25B3147DE0C200B6380A /* main.c */ = {isa = PBXFileReference; lastKnownFileType = sourcecode.c.c; path = main.c; sourceTree = "<group>"; };
		D30D25B5147DE0C200B6380A /* SDtestC.1 */ = {isa = PBXFileReference; lastKnownFileType = text.man; path = SDtestC.1; sourceTree = "<group>"; };
		D3D17ED914B1246D00CBE9BF /* dsp_settings.h */ = {isa = PBXFileReference; fileEncoding = 4; lastKnownFileType = sourcecode.c.h; path = dsp_settings.h; sourceTree = "<group>"; };
		D3D17EDB14B1247B00CBE9BF /* dsp_settings.c */ = {isa = PBXFileReference; fileEncoding = 4; lastKnownFileType = sourcecode.c.c; path = dsp_settings.c; sourceTree = "<group>"; };
		D3D8E63414A53BC80062EF2C /* ApiHandler.c */ = {isa = PBXFileReference; fileEncoding = 4; lastKnownFileType = sourcecode.c.c; path = ApiHandler.c; sourceTree = "<group>"; };
		D3D8E63714A53BDC0062EF2C /* ApiHandler.h */ = {isa = PBXFileReference; fileEncoding = 4; lastKnownFileType = sourcecode.c.h; path = ApiHandler.h; sourceTree = "<group>"; };
		D3DFE97714A1650E00C2FDB5 /* APICommand.c */ = {isa = PBXFileReference; fileEncoding = 4; lastKnownFileType = sourcecode.c.c; path = APICommand.c; sourceTree = "<group>"; };
		D3DFE97814A1650E00C2FDB5 /* APICommand.h */ = {isa = PBXFileReference; fileEncoding = 4; lastKnownFileType = sourcecode.c.h; path = APICommand.h; sourceTree = "<group>"; };
		D3DFE97A14A1650E00C2FDB5 /* channel.c */ = {isa = PBXFileReference; fileEncoding = 4; lastKnownFileType = sourcecode.c.c; path = channel.c; sourceTree = "<group>"; };
		D3DFE97B14A1650E00C2FDB5 /* channel.h */ = {isa = PBXFileReference; fileEncoding = 4; lastKnownFileType = sourcecode.c.h; path = channel.h; sourceTree = "<group>"; };
		D3DFE97C14A1650E00C2FDB5 /* common.h */ = {isa = PBXFileReference; fileEncoding = 4; lastKnownFileType = sourcecode.c.h; path = common.h; sourceTree = "<group>"; };
		D3DFE97D14A1650E00C2FDB5 /* comp.c */ = {isa = PBXFileReference; fileEncoding = 4; lastKnownFileType = sourcecode.c.c; path = comp.c; sourceTree = "<group>"; };
		D3DFE97E14A1650E00C2FDB5 /* comp.h */ = {isa = PBXFileReference; fileEncoding = 4; lastKnownFileType = sourcecode.c.h; path = comp.h; sourceTree = "<group>"; };
		D3DFE98114A1650E00C2FDB5 /* eq.c */ = {isa = PBXFileReference; fileEncoding = 4; lastKnownFileType = sourcecode.c.c; path = eq.c; sourceTree = "<group>"; };
		D3DFE98214A1650E00C2FDB5 /* eq.h */ = {isa = PBXFileReference; fileEncoding = 4; lastKnownFileType = sourcecode.c.h; path = eq.h; sourceTree = "<group>"; };
/* End PBXFileReference section */

/* Begin PBXFrameworksBuildPhase section */
		D30D25AC147DE0C200B6380A /* Frameworks */ = {
			isa = PBXFrameworksBuildPhase;
			buildActionMask = 2147483647;
			files = (
			);
			runOnlyForDeploymentPostprocessing = 0;
		};
/* End PBXFrameworksBuildPhase section */

/* Begin PBXGroup section */
		D30D25A4147DE0C200B6380A = {
			isa = PBXGroup;
			children = (
				D30D25B2147DE0C200B6380A /* SDtestC */,
				D30D25B0147DE0C200B6380A /* Products */,
			);
			sourceTree = "<group>";
		};
		D30D25B0147DE0C200B6380A /* Products */ = {
			isa = PBXGroup;
			children = (
				D30D25AF147DE0C200B6380A /* SDtestC */,
			);
			name = Products;
			sourceTree = "<group>";
		};
		D30D25B2147DE0C200B6380A /* SDtestC */ = {
			isa = PBXGroup;
			children = (
				D3DFE97714A1650E00C2FDB5 /* APICommand.c */,
				D3DFE97814A1650E00C2FDB5 /* APICommand.h */,
				D3DFE97A14A1650E00C2FDB5 /* channel.c */,
				D3DFE97B14A1650E00C2FDB5 /* channel.h */,
				D3DFE97C14A1650E00C2FDB5 /* common.h */,
				D3DFE97D14A1650E00C2FDB5 /* comp.c */,
				D3DFE97E14A1650E00C2FDB5 /* comp.h */,
				D3DFE98114A1650E00C2FDB5 /* eq.c */,
				D3DFE98214A1650E00C2FDB5 /* eq.h */,
				D30D25B3147DE0C200B6380A /* main.c */,
				D30D25B5147DE0C200B6380A /* SDtestC.1 */,
				D3D8E63414A53BC80062EF2C /* ApiHandler.c */,
				D3D8E63714A53BDC0062EF2C /* ApiHandler.h */,
				D3D17ED914B1246D00CBE9BF /* dsp_settings.h */,
				D3D17EDB14B1247B00CBE9BF /* dsp_settings.c */,
			);
			path = SDtestC;
			sourceTree = "<group>";
		};
/* End PBXGroup section */

/* Begin PBXNativeTarget section */
		D30D25AE147DE0C200B6380A /* SDtestC */ = {
			isa = PBXNativeTarget;
			buildConfigurationList = D30D25B9147DE0C200B6380A /* Build configuration list for PBXNativeTarget "SDtestC" */;
			buildPhases = (
				D30D25AB147DE0C200B6380A /* Sources */,
				D30D25AC147DE0C200B6380A /* Frameworks */,
				D30D25AD147DE0C200B6380A /* CopyFiles */,
			);
			buildRules = (
			);
			dependencies = (
			);
			name = SDtestC;
			productName = SDtestC;
			productReference = D30D25AF147DE0C200B6380A /* SDtestC */;
			productType = "com.apple.product-type.tool";
		};
/* End PBXNativeTarget section */

/* Begin PBXProject section */
		D30D25A6147DE0C200B6380A /* Project object */ = {
			isa = PBXProject;
			buildConfigurationList = D30D25A9147DE0C200B6380A /* Build configuration list for PBXProject "SDtestC" */;
			compatibilityVersion = "Xcode 3.2";
			developmentRegion = English;
			hasScannedForEncodings = 0;
			knownRegions = (
				en,
			);
			mainGroup = D30D25A4147DE0C200B6380A;
			productRefGroup = D30D25B0147DE0C200B6380A /* Products */;
			projectDirPath = "";
			projectRoot = "";
			targets = (
				D30D25AE147DE0C200B6380A /* SDtestC */,
			);
		};
/* End PBXProject section */

/* Begin PBXSourcesBuildPhase section */
		D30D25AB147DE0C200B6380A /* Sources */ = {
			isa = PBXSourcesBuildPhase;
			buildActionMask = 2147483647;
			files = (
				D30D25B4147DE0C200B6380A /* main.c in Sources */,
				D3DFE98314A1650E00C2FDB5 /* APICommand.c in Sources */,
				D3DFE98514A1650E00C2FDB5 /* channel.c in Sources */,
				D3DFE98614A1650E00C2FDB5 /* comp.c in Sources */,
				D3DFE98814A1650E00C2FDB5 /* eq.c in Sources */,
				D3D8E63514A53BC80062EF2C /* ApiHandler.c in Sources */,
				D3D17EDC14B1247B00CBE9BF /* dsp_settings.c in Sources */,
			);
			runOnlyForDeploymentPostprocessing = 0;
		};
/* End PBXSourcesBuildPhase section */

/* Begin XCBuildConfiguration section */
		D30D25B7147DE0C200B6380A /* Debug */ = {
			isa = XCBuildConfiguration;
			buildSettings = {
				ALWAYS_SEARCH_USER_PATHS = NO;
				ARCHS = "$(ARCHS_STANDARD_64_BIT)";
				COPY_PHASE_STRIP = NO;
				GCC_C_LANGUAGE_STANDARD = gnu99;
				GCC_DYNAMIC_NO_PIC = NO;
				GCC_ENABLE_OBJC_EXCEPTIONS = YES;
				GCC_OPTIMIZATION_LEVEL = 0;
				GCC_PREPROCESSOR_DEFINITIONS = (
					"DEBUG=1",
					"$(inherited)",
				);
				GCC_SYMBOLS_PRIVATE_EXTERN = NO;
				GCC_VERSION = com.apple.compilers.llvm.clang.1_0;
				GCC_WARN_64_TO_32_BIT_CONVERSION = YES;
				GCC_WARN_ABOUT_MISSING_PROTOTYPES = YES;
				GCC_WARN_ABOUT_RETURN_TYPE = YES;
				GCC_WARN_UNUSED_VARIABLE = YES;
				MACOSX_DEPLOYMENT_TARGET = 10.7;
				ONLY_ACTIVE_ARCH = YES;
				SDKROOT = macosx;
			};
			name = Debug;
		};
		D30D25B8147DE0C200B6380A /* Release */ = {
			isa = XCBuildConfiguration;
			buildSettings = {
				ALWAYS_SEARCH_USER_PATHS = NO;
				ARCHS = "$(ARCHS_STANDARD_64_BIT)";
				COPY_PHASE_STRIP = YES;
				DEBUG_INFORMATION_FORMAT = "dwarf-with-dsym";
				GCC_C_LANGUAGE_STANDARD = gnu99;
				GCC_ENABLE_OBJC_EXCEPTIONS = YES;
				GCC_VERSION = com.apple.compilers.llvm.clang.1_0;
				GCC_WARN_64_TO_32_BIT_CONVERSION = YES;
				GCC_WARN_ABOUT_MISSING_PROTOTYPES = YES;
				GCC_WARN_ABOUT_RETURN_TYPE = YES;
				GCC_WARN_UNUSED_VARIABLE = YES;
				MACOSX_DEPLOYMENT_TARGET = 10.7;
				SDKROOT = macosx;
			};
			name = Release;
		};
		D30D25BA147DE0C200B6380A /* Debug */ = {
			isa = XCBuildConfiguration;
			buildSettings = {
				PRODUCT_NAME = "$(TARGET_NAME)";
			};
			name = Debug;
		};
		D30D25BB147DE0C200B6380A /* Release */ = {
			isa = XCBuildConfiguration;
			buildSettings = {
				PRODUCT_NAME = "$(TARGET_NAME)";
			};
			name = Release;
		};
/* End XCBuildConfiguration section */

/* Begin XCConfigurationList section */
		D30D25A9147DE0C200B6380A /* Build configuration list for PBXProject "SDtestC" */ = {
			isa = XCConfigurationList;
			buildConfigurations = (
				D30D25B7147DE0C200B6380A /* Debug */,
				D30D25B8147DE0C200B6380A /* Release */,
			);
			defaultConfigurationIsVisible = 0;
			defaultConfigurationName = Release;
		};
		D30D25B9147DE0C200B6380A /* Build configuration list for PBXNativeTarget "SDtestC" */ = {
			isa = XCConfigurationList;
			buildConfigurations = (
				D30D25BA147DE0C200B6380A /* Debug */,
				D30D25BB147DE0C200B6380A /* Release */,
			);
			defaultConfigurationIsVisible = 0;
			defaultConfigurationName = Release;
		};
/* End XCConfigurationList section */
	};
	rootObject = D30D25A6147DE0C200B6380A /* Project object */;
}
